// !$*UTF8*$!
{
	archiveVersion = 1;
	classes = {
	};
	objectVersion = 56;
	objects = {

/* Begin PBXBuildFile section */
		1742C3B22AF13B8600DD2943 /* TransactionListApp.swift in Sources */ = {isa = PBXBuildFile; fileRef = 1742C3B12AF13B8600DD2943 /* TransactionListApp.swift */; };
		1742C3B42AF13B8600DD2943 /* ContentView.swift in Sources */ = {isa = PBXBuildFile; fileRef = 1742C3B32AF13B8600DD2943 /* ContentView.swift */; };
		1742C3B62AF13B8800DD2943 /* Assets.xcassets in Resources */ = {isa = PBXBuildFile; fileRef = 1742C3B52AF13B8800DD2943 /* Assets.xcassets */; };
		1742C3B92AF13B8800DD2943 /* Preview Assets.xcassets in Resources */ = {isa = PBXBuildFile; fileRef = 1742C3B82AF13B8800DD2943 /* Preview Assets.xcassets */; };
		17ABF43A2AF81C68007A91FF /* View+Extension.swift in Sources */ = {isa = PBXBuildFile; fileRef = 17ABF4392AF81C68007A91FF /* View+Extension.swift */; };
		17ABF43D2AF8BB0B007A91FF /* R.swift in Sources */ = {isa = PBXBuildFile; fileRef = 17ABF43C2AF8BB0B007A91FF /* R.swift */; };
		17F0218E2AF17A1900663FFC /* TransactionModel.swift in Sources */ = {isa = PBXBuildFile; fileRef = 17F0218D2AF17A1900663FFC /* TransactionModel.swift */; };
		17F021912AF17C5A00663FFC /* Alamofire in Frameworks */ = {isa = PBXBuildFile; productRef = 17F021902AF17C5A00663FFC /* Alamofire */; };
		17F021942AF17C6D00663FFC /* NetworkManager.swift in Sources */ = {isa = PBXBuildFile; fileRef = 17F021932AF17C6D00663FFC /* NetworkManager.swift */; };
		17F021972AF2268000663FFC /* NetworkError.swift in Sources */ = {isa = PBXBuildFile; fileRef = 17F021962AF2268000663FFC /* NetworkError.swift */; };
		17F0219C2AF22A7500663FFC /* TransactionService.swift in Sources */ = {isa = PBXBuildFile; fileRef = 17F0219B2AF22A7500663FFC /* TransactionService.swift */; };
		17F021A72AF279F700663FFC /* DescriptionView.swift in Sources */ = {isa = PBXBuildFile; fileRef = 17F021A62AF279F700663FFC /* DescriptionView.swift */; };
		255097392AF7D2CD006E891B /* ContentViewModel.swift in Sources */ = {isa = PBXBuildFile; fileRef = 255097382AF7D2CD006E891B /* ContentViewModel.swift */; };
		2550973B2AF7D306006E891B /* ContentView+State.swift in Sources */ = {isa = PBXBuildFile; fileRef = 2550973A2AF7D306006E891B /* ContentView+State.swift */; };
		2550973D2AF7D316006E891B /* ContentView+Interactions.swift in Sources */ = {isa = PBXBuildFile; fileRef = 2550973C2AF7D316006E891B /* ContentView+Interactions.swift */; };
		2550973F2AF7E4C4006E891B /* MultilineTextField.swift in Sources */ = {isa = PBXBuildFile; fileRef = 2550973E2AF7E4C4006E891B /* MultilineTextField.swift */; };
		25890AC12AF2C012006EFE29 /* DescriptionViewModel.swift in Sources */ = {isa = PBXBuildFile; fileRef = 25890AC02AF2C012006EFE29 /* DescriptionViewModel.swift */; };
		25890AC32AF2D2AD006EFE29 /* DescriptionView+State.swift in Sources */ = {isa = PBXBuildFile; fileRef = 25890AC22AF2D2AD006EFE29 /* DescriptionView+State.swift */; };
		25890AC52AF2D665006EFE29 /* DescriptionView+Interactions.swift in Sources */ = {isa = PBXBuildFile; fileRef = 25890AC42AF2D665006EFE29 /* DescriptionView+Interactions.swift */; };
/* End PBXBuildFile section */

/* Begin PBXFileReference section */
		1742C3AE2AF13B8600DD2943 /* TransactionList.app */ = {isa = PBXFileReference; explicitFileType = wrapper.application; includeInIndex = 0; path = TransactionList.app; sourceTree = BUILT_PRODUCTS_DIR; };
		1742C3B12AF13B8600DD2943 /* TransactionListApp.swift */ = {isa = PBXFileReference; lastKnownFileType = sourcecode.swift; path = TransactionListApp.swift; sourceTree = "<group>"; };
		1742C3B32AF13B8600DD2943 /* ContentView.swift */ = {isa = PBXFileReference; lastKnownFileType = sourcecode.swift; path = ContentView.swift; sourceTree = "<group>"; };
		1742C3B52AF13B8800DD2943 /* Assets.xcassets */ = {isa = PBXFileReference; lastKnownFileType = folder.assetcatalog; path = Assets.xcassets; sourceTree = "<group>"; };
		1742C3B82AF13B8800DD2943 /* Preview Assets.xcassets */ = {isa = PBXFileReference; lastKnownFileType = folder.assetcatalog; path = "Preview Assets.xcassets"; sourceTree = "<group>"; };
		17ABF4392AF81C68007A91FF /* View+Extension.swift */ = {isa = PBXFileReference; lastKnownFileType = sourcecode.swift; path = "View+Extension.swift"; sourceTree = "<group>"; };
		17ABF43C2AF8BB0B007A91FF /* R.swift */ = {isa = PBXFileReference; lastKnownFileType = sourcecode.swift; path = R.swift; sourceTree = "<group>"; };
		17F0218D2AF17A1900663FFC /* TransactionModel.swift */ = {isa = PBXFileReference; lastKnownFileType = sourcecode.swift; path = TransactionModel.swift; sourceTree = "<group>"; };
		17F021932AF17C6D00663FFC /* NetworkManager.swift */ = {isa = PBXFileReference; lastKnownFileType = sourcecode.swift; path = NetworkManager.swift; sourceTree = "<group>"; };
		17F021962AF2268000663FFC /* NetworkError.swift */ = {isa = PBXFileReference; lastKnownFileType = sourcecode.swift; path = NetworkError.swift; sourceTree = "<group>"; };
		17F0219B2AF22A7500663FFC /* TransactionService.swift */ = {isa = PBXFileReference; lastKnownFileType = sourcecode.swift; path = TransactionService.swift; sourceTree = "<group>"; };
		17F021A62AF279F700663FFC /* DescriptionView.swift */ = {isa = PBXFileReference; lastKnownFileType = sourcecode.swift; path = DescriptionView.swift; sourceTree = "<group>"; };
		255097382AF7D2CD006E891B /* ContentViewModel.swift */ = {isa = PBXFileReference; lastKnownFileType = sourcecode.swift; path = ContentViewModel.swift; sourceTree = "<group>"; };
		2550973A2AF7D306006E891B /* ContentView+State.swift */ = {isa = PBXFileReference; lastKnownFileType = sourcecode.swift; path = "ContentView+State.swift"; sourceTree = "<group>"; };
		2550973C2AF7D316006E891B /* ContentView+Interactions.swift */ = {isa = PBXFileReference; lastKnownFileType = sourcecode.swift; path = "ContentView+Interactions.swift"; sourceTree = "<group>"; };
		2550973E2AF7E4C4006E891B /* MultilineTextField.swift */ = {isa = PBXFileReference; lastKnownFileType = sourcecode.swift; path = MultilineTextField.swift; sourceTree = "<group>"; };
		25890AC02AF2C012006EFE29 /* DescriptionViewModel.swift */ = {isa = PBXFileReference; lastKnownFileType = sourcecode.swift; path = DescriptionViewModel.swift; sourceTree = "<group>"; };
		25890AC22AF2D2AD006EFE29 /* DescriptionView+State.swift */ = {isa = PBXFileReference; lastKnownFileType = sourcecode.swift; path = "DescriptionView+State.swift"; sourceTree = "<group>"; };
		25890AC42AF2D665006EFE29 /* DescriptionView+Interactions.swift */ = {isa = PBXFileReference; lastKnownFileType = sourcecode.swift; path = "DescriptionView+Interactions.swift"; sourceTree = "<group>"; };
/* End PBXFileReference section */

/* Begin PBXFrameworksBuildPhase section */
		1742C3AB2AF13B8600DD2943 /* Frameworks */ = {
			isa = PBXFrameworksBuildPhase;
			buildActionMask = 2147483647;
			files = (
				17F021912AF17C5A00663FFC /* Alamofire in Frameworks */,
			);
			runOnlyForDeploymentPostprocessing = 0;
		};
/* End PBXFrameworksBuildPhase section */

/* Begin PBXGroup section */
		1742C3A52AF13B8600DD2943 = {
			isa = PBXGroup;
			children = (
				1742C3B02AF13B8600DD2943 /* TransactionList */,
				1742C3AF2AF13B8600DD2943 /* Products */,
			);
			sourceTree = "<group>";
		};
		1742C3AF2AF13B8600DD2943 /* Products */ = {
			isa = PBXGroup;
			children = (
				1742C3AE2AF13B8600DD2943 /* TransactionList.app */,
			);
			name = Products;
			sourceTree = "<group>";
		};
		1742C3B02AF13B8600DD2943 /* TransactionList */ = {
			isa = PBXGroup;
			children = (
				1742C3B12AF13B8600DD2943 /* TransactionListApp.swift */,
				17F0219F2AF2797B00663FFC /* Screens */,
				17F021A32AF279C400663FFC /* Services */,
				17ABF43B2AF8BAFE007A91FF /* Resources */,
				1742C3B52AF13B8800DD2943 /* Assets.xcassets */,
				1742C3B72AF13B8800DD2943 /* Preview Content */,
			);
			path = TransactionList;
			sourceTree = "<group>";
		};
		1742C3B72AF13B8800DD2943 /* Preview Content */ = {
			isa = PBXGroup;
			children = (
				1742C3B82AF13B8800DD2943 /* Preview Assets.xcassets */,
			);
			path = "Preview Content";
			sourceTree = "<group>";
		};
		17ABF4382AF81C57007A91FF /* Extensions */ = {
			isa = PBXGroup;
			children = (
				17ABF4392AF81C68007A91FF /* View+Extension.swift */,
			);
			path = Extensions;
			sourceTree = "<group>";
		};
		17ABF43B2AF8BAFE007A91FF /* Resources */ = {
			isa = PBXGroup;
			children = (
				17ABF43C2AF8BB0B007A91FF /* R.swift */,
			);
			path = Resources;
			sourceTree = "<group>";
		};
		17F0218C2AF179B600663FFC /* Model */ = {
			isa = PBXGroup;
			children = (
				17F0218D2AF17A1900663FFC /* TransactionModel.swift */,
			);
			path = Model;
			sourceTree = "<group>";
		};
		17F021922AF17C5E00663FFC /* NetworkLayer */ = {
			isa = PBXGroup;
			children = (
				17F021952AF2266600663FFC /* NetworkError */,
				17F021932AF17C6D00663FFC /* NetworkManager.swift */,
			);
			path = NetworkLayer;
			sourceTree = "<group>";
		};
		17F021952AF2266600663FFC /* NetworkError */ = {
			isa = PBXGroup;
			children = (
				17F021962AF2268000663FFC /* NetworkError.swift */,
			);
			path = NetworkError;
			sourceTree = "<group>";
		};
		17F0219A2AF22A5A00663FFC /* Service */ = {
			isa = PBXGroup;
			children = (
				17F0219B2AF22A7500663FFC /* TransactionService.swift */,
			);
			path = Service;
			sourceTree = "<group>";
		};
		17F0219F2AF2797B00663FFC /* Screens */ = {
			isa = PBXGroup;
			children = (
				17F021A02AF2798000663FFC /* MainScreen */,
				17F021A42AF279E200663FFC /* DescriptionScreen */,
			);
			path = Screens;
			sourceTree = "<group>";
		};
		17F021A02AF2798000663FFC /* MainScreen */ = {
			isa = PBXGroup;
			children = (
				17F0219A2AF22A5A00663FFC /* Service */,
				17F0218C2AF179B600663FFC /* Model */,
				17F021A12AF2799C00663FFC /* View */,
			);
			path = MainScreen;
			sourceTree = "<group>";
		};
		17F021A12AF2799C00663FFC /* View */ = {
			isa = PBXGroup;
			children = (
				1742C3B32AF13B8600DD2943 /* ContentView.swift */,
				2550973A2AF7D306006E891B /* ContentView+State.swift */,
				2550973C2AF7D316006E891B /* ContentView+Interactions.swift */,
				255097382AF7D2CD006E891B /* ContentViewModel.swift */,
			);
			path = View;
			sourceTree = "<group>";
		};
		17F021A32AF279C400663FFC /* Services */ = {
			isa = PBXGroup;
			children = (
				17ABF4382AF81C57007A91FF /* Extensions */,
				17F021922AF17C5E00663FFC /* NetworkLayer */,
			);
			path = Services;
			sourceTree = "<group>";
		};
		17F021A42AF279E200663FFC /* DescriptionScreen */ = {
			isa = PBXGroup;
			children = (
				17F021A52AF279E900663FFC /* View */,
			);
			path = DescriptionScreen;
			sourceTree = "<group>";
		};
		17F021A52AF279E900663FFC /* View */ = {
			isa = PBXGroup;
			children = (
				17F021A62AF279F700663FFC /* DescriptionView.swift */,
				2550973E2AF7E4C4006E891B /* MultilineTextField.swift */,
				25890AC22AF2D2AD006EFE29 /* DescriptionView+State.swift */,
				25890AC42AF2D665006EFE29 /* DescriptionView+Interactions.swift */,
				25890AC02AF2C012006EFE29 /* DescriptionViewModel.swift */,
			);
			path = View;
			sourceTree = "<group>";
		};
/* End PBXGroup section */

/* Begin PBXNativeTarget section */
		1742C3AD2AF13B8600DD2943 /* TransactionList */ = {
			isa = PBXNativeTarget;
			buildConfigurationList = 1742C3BC2AF13B8800DD2943 /* Build configuration list for PBXNativeTarget "TransactionList" */;
			buildPhases = (
				1742C3AA2AF13B8600DD2943 /* Sources */,
				1742C3AB2AF13B8600DD2943 /* Frameworks */,
				1742C3AC2AF13B8600DD2943 /* Resources */,
			);
			buildRules = (
			);
			dependencies = (
			);
			name = TransactionList;
			packageProductDependencies = (
				17F021902AF17C5A00663FFC /* Alamofire */,
			);
			productName = TransactionList;
			productReference = 1742C3AE2AF13B8600DD2943 /* TransactionList.app */;
			productType = "com.apple.product-type.application";
		};
/* End PBXNativeTarget section */

/* Begin PBXProject section */
		1742C3A62AF13B8600DD2943 /* Project object */ = {
			isa = PBXProject;
			attributes = {
				BuildIndependentTargetsInParallel = 1;
				LastSwiftUpdateCheck = 1430;
				LastUpgradeCheck = 1430;
				TargetAttributes = {
					1742C3AD2AF13B8600DD2943 = {
						CreatedOnToolsVersion = 14.3.1;
					};
				};
			};
			buildConfigurationList = 1742C3A92AF13B8600DD2943 /* Build configuration list for PBXProject "TransactionList" */;
			compatibilityVersion = "Xcode 14.0";
			developmentRegion = en;
			hasScannedForEncodings = 0;
			knownRegions = (
				en,
				Base,
			);
			mainGroup = 1742C3A52AF13B8600DD2943;
			packageReferences = (
				17F0218F2AF17C5A00663FFC /* XCRemoteSwiftPackageReference "Alamofire" */,
			);
			productRefGroup = 1742C3AF2AF13B8600DD2943 /* Products */;
			projectDirPath = "";
			projectRoot = "";
			targets = (
				1742C3AD2AF13B8600DD2943 /* TransactionList */,
			);
		};
/* End PBXProject section */

/* Begin PBXResourcesBuildPhase section */
		1742C3AC2AF13B8600DD2943 /* Resources */ = {
			isa = PBXResourcesBuildPhase;
			buildActionMask = 2147483647;
			files = (
				1742C3B92AF13B8800DD2943 /* Preview Assets.xcassets in Resources */,
				1742C3B62AF13B8800DD2943 /* Assets.xcassets in Resources */,
			);
			runOnlyForDeploymentPostprocessing = 0;
		};
/* End PBXResourcesBuildPhase section */

/* Begin PBXSourcesBuildPhase section */
		1742C3AA2AF13B8600DD2943 /* Sources */ = {
			isa = PBXSourcesBuildPhase;
			buildActionMask = 2147483647;
			files = (
				2550973F2AF7E4C4006E891B /* MultilineTextField.swift in Sources */,
				25890AC52AF2D665006EFE29 /* DescriptionView+Interactions.swift in Sources */,
				17ABF43A2AF81C68007A91FF /* View+Extension.swift in Sources */,
				17F0218E2AF17A1900663FFC /* TransactionModel.swift in Sources */,
				17ABF43D2AF8BB0B007A91FF /* R.swift in Sources */,
				1742C3B42AF13B8600DD2943 /* ContentView.swift in Sources */,
				17F021942AF17C6D00663FFC /* NetworkManager.swift in Sources */,
				17F021972AF2268000663FFC /* NetworkError.swift in Sources */,
				25890AC12AF2C012006EFE29 /* DescriptionViewModel.swift in Sources */,
				1742C3B22AF13B8600DD2943 /* TransactionListApp.swift in Sources */,
				2550973B2AF7D306006E891B /* ContentView+State.swift in Sources */,
				2550973D2AF7D316006E891B /* ContentView+Interactions.swift in Sources */,
				255097392AF7D2CD006E891B /* ContentViewModel.swift in Sources */,
				25890AC32AF2D2AD006EFE29 /* DescriptionView+State.swift in Sources */,
				17F0219C2AF22A7500663FFC /* TransactionService.swift in Sources */,
				17F021A72AF279F700663FFC /* DescriptionView.swift in Sources */,
			);
			runOnlyForDeploymentPostprocessing = 0;
		};
/* End PBXSourcesBuildPhase section */

/* Begin XCBuildConfiguration section */
		1742C3BA2AF13B8800DD2943 /* Debug */ = {
			isa = XCBuildConfiguration;
			buildSettings = {
				ALWAYS_SEARCH_USER_PATHS = NO;
				CLANG_ANALYZER_NONNULL = YES;
				CLANG_ANALYZER_NUMBER_OBJECT_CONVERSION = YES_AGGRESSIVE;
				CLANG_CXX_LANGUAGE_STANDARD = "gnu++20";
				CLANG_ENABLE_MODULES = YES;
				CLANG_ENABLE_OBJC_ARC = YES;
				CLANG_ENABLE_OBJC_WEAK = YES;
				CLANG_WARN_BLOCK_CAPTURE_AUTORELEASING = YES;
				CLANG_WARN_BOOL_CONVERSION = YES;
				CLANG_WARN_COMMA = YES;
				CLANG_WARN_CONSTANT_CONVERSION = YES;
				CLANG_WARN_DEPRECATED_OBJC_IMPLEMENTATIONS = YES;
				CLANG_WARN_DIRECT_OBJC_ISA_USAGE = YES_ERROR;
				CLANG_WARN_DOCUMENTATION_COMMENTS = YES;
				CLANG_WARN_EMPTY_BODY = YES;
				CLANG_WARN_ENUM_CONVERSION = YES;
				CLANG_WARN_INFINITE_RECURSION = YES;
				CLANG_WARN_INT_CONVERSION = YES;
				CLANG_WARN_NON_LITERAL_NULL_CONVERSION = YES;
				CLANG_WARN_OBJC_IMPLICIT_RETAIN_SELF = YES;
				CLANG_WARN_OBJC_LITERAL_CONVERSION = YES;
				CLANG_WARN_OBJC_ROOT_CLASS = YES_ERROR;
				CLANG_WARN_QUOTED_INCLUDE_IN_FRAMEWORK_HEADER = YES;
				CLANG_WARN_RANGE_LOOP_ANALYSIS = YES;
				CLANG_WARN_STRICT_PROTOTYPES = YES;
				CLANG_WARN_SUSPICIOUS_MOVE = YES;
				CLANG_WARN_UNGUARDED_AVAILABILITY = YES_AGGRESSIVE;
				CLANG_WARN_UNREACHABLE_CODE = YES;
				CLANG_WARN__DUPLICATE_METHOD_MATCH = YES;
				COPY_PHASE_STRIP = NO;
				DEBUG_INFORMATION_FORMAT = dwarf;
				ENABLE_STRICT_OBJC_MSGSEND = YES;
				ENABLE_TESTABILITY = YES;
				GCC_C_LANGUAGE_STANDARD = gnu11;
				GCC_DYNAMIC_NO_PIC = NO;
				GCC_NO_COMMON_BLOCKS = YES;
				GCC_OPTIMIZATION_LEVEL = 0;
				GCC_PREPROCESSOR_DEFINITIONS = (
					"DEBUG=1",
					"$(inherited)",
				);
				GCC_WARN_64_TO_32_BIT_CONVERSION = YES;
				GCC_WARN_ABOUT_RETURN_TYPE = YES_ERROR;
				GCC_WARN_UNDECLARED_SELECTOR = YES;
				GCC_WARN_UNINITIALIZED_AUTOS = YES_AGGRESSIVE;
				GCC_WARN_UNUSED_FUNCTION = YES;
				GCC_WARN_UNUSED_VARIABLE = YES;
				IPHONEOS_DEPLOYMENT_TARGET = 16.4;
				MTL_ENABLE_DEBUG_INFO = INCLUDE_SOURCE;
				MTL_FAST_MATH = YES;
				ONLY_ACTIVE_ARCH = YES;
				SDKROOT = iphoneos;
				SWIFT_ACTIVE_COMPILATION_CONDITIONS = DEBUG;
				SWIFT_OPTIMIZATION_LEVEL = "-Onone";
			};
			name = Debug;
		};
		1742C3BB2AF13B8800DD2943 /* Release */ = {
			isa = XCBuildConfiguration;
			buildSettings = {
				ALWAYS_SEARCH_USER_PATHS = NO;
				CLANG_ANALYZER_NONNULL = YES;
				CLANG_ANALYZER_NUMBER_OBJECT_CONVERSION = YES_AGGRESSIVE;
				CLANG_CXX_LANGUAGE_STANDARD = "gnu++20";
				CLANG_ENABLE_MODULES = YES;
				CLANG_ENABLE_OBJC_ARC = YES;
				CLANG_ENABLE_OBJC_WEAK = YES;
				CLANG_WARN_BLOCK_CAPTURE_AUTORELEASING = YES;
				CLANG_WARN_BOOL_CONVERSION = YES;
				CLANG_WARN_COMMA = YES;
				CLANG_WARN_CONSTANT_CONVERSION = YES;
				CLANG_WARN_DEPRECATED_OBJC_IMPLEMENTATIONS = YES;
				CLANG_WARN_DIRECT_OBJC_ISA_USAGE = YES_ERROR;
				CLANG_WARN_DOCUMENTATION_COMMENTS = YES;
				CLANG_WARN_EMPTY_BODY = YES;
				CLANG_WARN_ENUM_CONVERSION = YES;
				CLANG_WARN_INFINITE_RECURSION = YES;
				CLANG_WARN_INT_CONVERSION = YES;
				CLANG_WARN_NON_LITERAL_NULL_CONVERSION = YES;
				CLANG_WARN_OBJC_IMPLICIT_RETAIN_SELF = YES;
				CLANG_WARN_OBJC_LITERAL_CONVERSION = YES;
				CLANG_WARN_OBJC_ROOT_CLASS = YES_ERROR;
				CLANG_WARN_QUOTED_INCLUDE_IN_FRAMEWORK_HEADER = YES;
				CLANG_WARN_RANGE_LOOP_ANALYSIS = YES;
				CLANG_WARN_STRICT_PROTOTYPES = YES;
				CLANG_WARN_SUSPICIOUS_MOVE = YES;
				CLANG_WARN_UNGUARDED_AVAILABILITY = YES_AGGRESSIVE;
				CLANG_WARN_UNREACHABLE_CODE = YES;
				CLANG_WARN__DUPLICATE_METHOD_MATCH = YES;
				COPY_PHASE_STRIP = NO;
				DEBUG_INFORMATION_FORMAT = "dwarf-with-dsym";
				ENABLE_NS_ASSERTIONS = NO;
				ENABLE_STRICT_OBJC_MSGSEND = YES;
				GCC_C_LANGUAGE_STANDARD = gnu11;
				GCC_NO_COMMON_BLOCKS = YES;
				GCC_WARN_64_TO_32_BIT_CONVERSION = YES;
				GCC_WARN_ABOUT_RETURN_TYPE = YES_ERROR;
				GCC_WARN_UNDECLARED_SELECTOR = YES;
				GCC_WARN_UNINITIALIZED_AUTOS = YES_AGGRESSIVE;
				GCC_WARN_UNUSED_FUNCTION = YES;
				GCC_WARN_UNUSED_VARIABLE = YES;
				IPHONEOS_DEPLOYMENT_TARGET = 16.4;
				MTL_ENABLE_DEBUG_INFO = NO;
				MTL_FAST_MATH = YES;
				SDKROOT = iphoneos;
				SWIFT_COMPILATION_MODE = wholemodule;
				SWIFT_OPTIMIZATION_LEVEL = "-O";
				VALIDATE_PRODUCT = YES;
			};
			name = Release;
		};
		1742C3BD2AF13B8800DD2943 /* Debug */ = {
			isa = XCBuildConfiguration;
			buildSettings = {
				ASSETCATALOG_COMPILER_APPICON_NAME = AppIcon;
				ASSETCATALOG_COMPILER_GLOBAL_ACCENT_COLOR_NAME = AccentColor;
				CODE_SIGN_STYLE = Automatic;
				CURRENT_PROJECT_VERSION = 1;
				DEVELOPMENT_ASSET_PATHS = "\"TransactionList/Preview Content\"";
				ENABLE_PREVIEWS = YES;
				GENERATE_INFOPLIST_FILE = YES;
				INFOPLIST_KEY_UIApplicationSceneManifest_Generation = YES;
				INFOPLIST_KEY_UIApplicationSupportsIndirectInputEvents = YES;
				INFOPLIST_KEY_UILaunchScreen_Generation = YES;
				INFOPLIST_KEY_UISupportedInterfaceOrientations = UIInterfaceOrientationPortrait;
				INFOPLIST_KEY_UISupportedInterfaceOrientations_iPad = "UIInterfaceOrientationLandscapeLeft UIInterfaceOrientationLandscapeRight UIInterfaceOrientationPortrait UIInterfaceOrientationPortraitUpsideDown";
				LD_RUNPATH_SEARCH_PATHS = (
					"$(inherited)",
					"@executable_path/Frameworks",
				);
				MARKETING_VERSION = 1.0;
				PRODUCT_BUNDLE_IDENTIFIER = com.TDY13.TransactionList;
				PRODUCT_NAME = "$(TARGET_NAME)";
				SUPPORTED_PLATFORMS = "iphoneos iphonesimulator";
				SUPPORTS_MACCATALYST = NO;
				SUPPORTS_MAC_DESIGNED_FOR_IPHONE_IPAD = NO;
				SWIFT_EMIT_LOC_STRINGS = YES;
				SWIFT_VERSION = 5.0;
				TARGETED_DEVICE_FAMILY = 1;
			};
			name = Debug;
		};
		1742C3BE2AF13B8800DD2943 /* Release */ = {
			isa = XCBuildConfiguration;
			buildSettings = {
				ASSETCATALOG_COMPILER_APPICON_NAME = AppIcon;
				ASSETCATALOG_COMPILER_GLOBAL_ACCENT_COLOR_NAME = AccentColor;
				CODE_SIGN_STYLE = Automatic;
				CURRENT_PROJECT_VERSION = 1;
				DEVELOPMENT_ASSET_PATHS = "\"TransactionList/Preview Content\"";
				ENABLE_PREVIEWS = YES;
				GENERATE_INFOPLIST_FILE = YES;
				INFOPLIST_KEY_UIApplicationSceneManifest_Generation = YES;
				INFOPLIST_KEY_UIApplicationSupportsIndirectInputEvents = YES;
				INFOPLIST_KEY_UILaunchScreen_Generation = YES;
				INFOPLIST_KEY_UISupportedInterfaceOrientations = UIInterfaceOrientationPortrait;
				INFOPLIST_KEY_UISupportedInterfaceOrientations_iPad = "UIInterfaceOrientationLandscapeLeft UIInterfaceOrientationLandscapeRight UIInterfaceOrientationPortrait UIInterfaceOrientationPortraitUpsideDown";
				LD_RUNPATH_SEARCH_PATHS = (
					"$(inherited)",
					"@executable_path/Frameworks",
				);
				MARKETING_VERSION = 1.0;
				PRODUCT_BUNDLE_IDENTIFIER = com.TDY13.TransactionList;
				PRODUCT_NAME = "$(TARGET_NAME)";
				SUPPORTED_PLATFORMS = "iphoneos iphonesimulator";
				SUPPORTS_MACCATALYST = NO;
				SUPPORTS_MAC_DESIGNED_FOR_IPHONE_IPAD = NO;
				SWIFT_EMIT_LOC_STRINGS = YES;
				SWIFT_VERSION = 5.0;
				TARGETED_DEVICE_FAMILY = 1;
			};
			name = Release;
		};
/* End XCBuildConfiguration section */

/* Begin XCConfigurationList section */
		1742C3A92AF13B8600DD2943 /* Build configuration list for PBXProject "TransactionList" */ = {
			isa = XCConfigurationList;
			buildConfigurations = (
				1742C3BA2AF13B8800DD2943 /* Debug */,
				1742C3BB2AF13B8800DD2943 /* Release */,
			);
			defaultConfigurationIsVisible = 0;
			defaultConfigurationName = Release;
		};
		1742C3BC2AF13B8800DD2943 /* Build configuration list for PBXNativeTarget "TransactionList" */ = {
			isa = XCConfigurationList;
			buildConfigurations = (
				1742C3BD2AF13B8800DD2943 /* Debug */,
				1742C3BE2AF13B8800DD2943 /* Release */,
			);
			defaultConfigurationIsVisible = 0;
			defaultConfigurationName = Release;
		};
/* End XCConfigurationList section */

/* Begin XCRemoteSwiftPackageReference section */
		17F0218F2AF17C5A00663FFC /* XCRemoteSwiftPackageReference "Alamofire" */ = {
			isa = XCRemoteSwiftPackageReference;
			repositoryURL = "https://github.com/Alamofire/Alamofire.git";
			requirement = {
				kind = upToNextMajorVersion;
				minimumVersion = 5.0.0;
			};
		};
/* End XCRemoteSwiftPackageReference section */

/* Begin XCSwiftPackageProductDependency section */
		17F021902AF17C5A00663FFC /* Alamofire */ = {
			isa = XCSwiftPackageProductDependency;
			package = 17F0218F2AF17C5A00663FFC /* XCRemoteSwiftPackageReference "Alamofire" */;
			productName = Alamofire;
		};
/* End XCSwiftPackageProductDependency section */
	};
	rootObject = 1742C3A62AF13B8600DD2943 /* Project object */;
}
